
Microsoft Visual Studio Solution File, Format Version 12.00
# Visual Studio Version 17
VisualStudioVersion = 17.8.34309.116
MinimumVisualStudioVersion = 10.0.40219.1
Project("{FAE04EC0-301F-11D3-BF4B-00C04F79EFBC}") = "ReservationManagementSystemApi", "ReservationManagementSystemApi.csproj", "{B35CE0F6-77DF-4B3E-B2BC-520DE2AFA0A8}"
EndProject
Global
	GlobalSection(SolutionConfigurationPlatforms) = preSolution
		Debug|Any CPU = Debug|Any CPU
		Release|Any CPU = Release|Any CPU
	EndGlobalSection
	GlobalSection(ProjectConfigurationPlatforms) = postSolution
		{B35CE0F6-77DF-4B3E-B2BC-520DE2AFA0A8}.Debug|Any CPU.ActiveCfg = Debug|Any CPU
		{B35CE0F6-77DF-4B3E-B2BC-520DE2AFA0A8}.Debug|Any CPU.Build.0 = Debug|Any CPU
		{B35CE0F6-77DF-4B3E-B2BC-520DE2AFA0A8}.Release|Any CPU.ActiveCfg = Release|Any CPU
		{B35CE0F6-77DF-4B3E-B2BC-520DE2AFA0A8}.Release|Any CPU.Build.0 = Release|Any CPU
	EndGlobalSection
	GlobalSection(SolutionProperties) = preSolution
		HideSolutionNode = FALSE
	EndGlobalSection
	GlobalSection(ExtensibilityGlobals) = postSolution
		SolutionGuid = {F85F506B-4329-48C5-9D16-ABDA73006C2D}
	EndGlobalSection
EndGlobal
